
Microsoft Visual Studio Solution File, Format Version 12.00
# Visual Studio Version 17
VisualStudioVersion = 17.0.31903.59
MinimumVisualStudioVersion = 10.0.40219.1
Project("{2150E333-8FDC-42A3-9474-1A3956D46DE8}") = "src", "src", "{A9943C19-67EF-4AE5-BD9C-6A4379C2857D}"
EndProject
Project("{FAE04EC0-301F-11D3-BF4B-00C04F79EFBC}") = "AuctionService", "src\AuctionService\AuctionService.csproj", "{4275D8E2-707C-4700-9734-F1E3BFDF74E9}"
EndProject
Project("{FAE04EC0-301F-11D3-BF4B-00C04F79EFBC}") = "SearchService", "src\SearchService\SearchService.csproj", "{482085E0-89A9-4CB2-9154-6873A31E607E}"
EndProject
Project("{FAE04EC0-301F-11D3-BF4B-00C04F79EFBC}") = "Contracts", "src\Contracts\Contracts.csproj", "{081F593F-051E-486D-8E9B-96DAFB2544BE}"
EndProject
Project("{FAE04EC0-301F-11D3-BF4B-00C04F79EFBC}") = "IdentityService", "src\IdentityService\IdentityService.csproj", "{F6D868B8-34F1-4F7D-9336-49E42755014D}"
EndProject
Project("{FAE04EC0-301F-11D3-BF4B-00C04F79EFBC}") = "GatewayService", "src\GatewayService\GatewayService.csproj", "{4734467B-7F97-45EA-8741-C79DF0818B6A}"
EndProject
Project("{FAE04EC0-301F-11D3-BF4B-00C04F79EFBC}") = "BiddingService", "src\BiddingService\BiddingService.csproj", "{77311413-73F3-4955-BF2A-5A680D706D3A}"
EndProject
Global
	GlobalSection(SolutionConfigurationPlatforms) = preSolution
		Debug|Any CPU = Debug|Any CPU
		Release|Any CPU = Release|Any CPU
	EndGlobalSection
	GlobalSection(SolutionProperties) = preSolution
		HideSolutionNode = FALSE
	EndGlobalSection
	GlobalSection(ProjectConfigurationPlatforms) = postSolution
		{4275D8E2-707C-4700-9734-F1E3BFDF74E9}.Debug|Any CPU.ActiveCfg = Debug|Any CPU
		{4275D8E2-707C-4700-9734-F1E3BFDF74E9}.Debug|Any CPU.Build.0 = Debug|Any CPU
		{4275D8E2-707C-4700-9734-F1E3BFDF74E9}.Release|Any CPU.ActiveCfg = Release|Any CPU
		{4275D8E2-707C-4700-9734-F1E3BFDF74E9}.Release|Any CPU.Build.0 = Release|Any CPU
		{482085E0-89A9-4CB2-9154-6873A31E607E}.Debug|Any CPU.ActiveCfg = Debug|Any CPU
		{482085E0-89A9-4CB2-9154-6873A31E607E}.Debug|Any CPU.Build.0 = Debug|Any CPU
		{482085E0-89A9-4CB2-9154-6873A31E607E}.Release|Any CPU.ActiveCfg = Release|Any CPU
		{482085E0-89A9-4CB2-9154-6873A31E607E}.Release|Any CPU.Build.0 = Release|Any CPU
		{081F593F-051E-486D-8E9B-96DAFB2544BE}.Debug|Any CPU.ActiveCfg = Debug|Any CPU
		{081F593F-051E-486D-8E9B-96DAFB2544BE}.Debug|Any CPU.Build.0 = Debug|Any CPU
		{081F593F-051E-486D-8E9B-96DAFB2544BE}.Release|Any CPU.ActiveCfg = Release|Any CPU
		{081F593F-051E-486D-8E9B-96DAFB2544BE}.Release|Any CPU.Build.0 = Release|Any CPU
		{F6D868B8-34F1-4F7D-9336-49E42755014D}.Debug|Any CPU.ActiveCfg = Debug|Any CPU
		{F6D868B8-34F1-4F7D-9336-49E42755014D}.Debug|Any CPU.Build.0 = Debug|Any CPU
		{F6D868B8-34F1-4F7D-9336-49E42755014D}.Release|Any CPU.ActiveCfg = Release|Any CPU
		{F6D868B8-34F1-4F7D-9336-49E42755014D}.Release|Any CPU.Build.0 = Release|Any CPU
		{4734467B-7F97-45EA-8741-C79DF0818B6A}.Debug|Any CPU.ActiveCfg = Debug|Any CPU
		{4734467B-7F97-45EA-8741-C79DF0818B6A}.Debug|Any CPU.Build.0 = Debug|Any CPU
		{4734467B-7F97-45EA-8741-C79DF0818B6A}.Release|Any CPU.ActiveCfg = Release|Any CPU
		{4734467B-7F97-45EA-8741-C79DF0818B6A}.Release|Any CPU.Build.0 = Release|Any CPU
		{77311413-73F3-4955-BF2A-5A680D706D3A}.Debug|Any CPU.ActiveCfg = Debug|Any CPU
		{77311413-73F3-4955-BF2A-5A680D706D3A}.Debug|Any CPU.Build.0 = Debug|Any CPU
		{77311413-73F3-4955-BF2A-5A680D706D3A}.Release|Any CPU.ActiveCfg = Release|Any CPU
		{77311413-73F3-4955-BF2A-5A680D706D3A}.Release|Any CPU.Build.0 = Release|Any CPU
	EndGlobalSection
	GlobalSection(NestedProjects) = preSolution
		{4275D8E2-707C-4700-9734-F1E3BFDF74E9} = {A9943C19-67EF-4AE5-BD9C-6A4379C2857D}
		{482085E0-89A9-4CB2-9154-6873A31E607E} = {A9943C19-67EF-4AE5-BD9C-6A4379C2857D}
		{081F593F-051E-486D-8E9B-96DAFB2544BE} = {A9943C19-67EF-4AE5-BD9C-6A4379C2857D}
		{F6D868B8-34F1-4F7D-9336-49E42755014D} = {A9943C19-67EF-4AE5-BD9C-6A4379C2857D}
		{4734467B-7F97-45EA-8741-C79DF0818B6A} = {A9943C19-67EF-4AE5-BD9C-6A4379C2857D}
		{77311413-73F3-4955-BF2A-5A680D706D3A} = {A9943C19-67EF-4AE5-BD9C-6A4379C2857D}
	EndGlobalSection
EndGlobal
